// !$*UTF8*$!
{
	archiveVersion = 1;
	classes = {
	};
	objectVersion = 46;
	objects = {

/* Begin PBXBuildFile section */
		09720E901E5E15F100A6FA70 /* APITaskManager.swift in Sources */ = {isa = PBXBuildFile; fileRef = 09720E8F1E5E15F100A6FA70 /* APITaskManager.swift */; };
		099CFD291E5B6B3A00597519 /* AppDelegate.swift in Sources */ = {isa = PBXBuildFile; fileRef = 099CFD281E5B6B3A00597519 /* AppDelegate.swift */; };
		099CFD2B1E5B6B3A00597519 /* ViewController.swift in Sources */ = {isa = PBXBuildFile; fileRef = 099CFD2A1E5B6B3A00597519 /* ViewController.swift */; };
		099CFD2E1E5B6B3A00597519 /* Main.storyboard in Resources */ = {isa = PBXBuildFile; fileRef = 099CFD2C1E5B6B3A00597519 /* Main.storyboard */; };
		099CFD301E5B6B3A00597519 /* Assets.xcassets in Resources */ = {isa = PBXBuildFile; fileRef = 099CFD2F1E5B6B3A00597519 /* Assets.xcassets */; };
		099CFD331E5B6B3A00597519 /* LaunchScreen.storyboard in Resources */ = {isa = PBXBuildFile; fileRef = 099CFD311E5B6B3A00597519 /* LaunchScreen.storyboard */; };
		099CFD3C1E5B6F3C00597519 /* MapKit.framework in Frameworks */ = {isa = PBXBuildFile; fileRef = 099CFD3B1E5B6F3C00597519 /* MapKit.framework */; };
		099CFD3E1E5B771900597519 /* JPPMiGPSViewController.swift in Sources */ = {isa = PBXBuildFile; fileRef = 099CFD3D1E5B771900597519 /* JPPMiGPSViewController.swift */; };
		099CFD421E5B7FCF00597519 /* JPLugarFavoritoViewController.swift in Sources */ = {isa = PBXBuildFile; fileRef = 099CFD411E5B7FCF00597519 /* JPLugarFavoritoViewController.swift */; };
		099CFD451E5B801D00597519 /* JPPMAListaLugaresTableViewController.swift in Sources */ = {isa = PBXBuildFile; fileRef = 099CFD441E5B801D00597519 /* JPPMAListaLugaresTableViewController.swift */; };
/* End PBXBuildFile section */

/* Begin PBXFileReference section */
		09720E8F1E5E15F100A6FA70 /* APITaskManager.swift */ = {isa = PBXFileReference; fileEncoding = 4; lastKnownFileType = sourcecode.swift; path = APITaskManager.swift; sourceTree = "<group>"; };
		099CFD251E5B6B3A00597519 /* JPPMapa2Reto.app */ = {isa = PBXFileReference; explicitFileType = wrapper.application; includeInIndex = 0; path = JPPMapa2Reto.app; sourceTree = BUILT_PRODUCTS_DIR; };
		099CFD281E5B6B3A00597519 /* AppDelegate.swift */ = {isa = PBXFileReference; lastKnownFileType = sourcecode.swift; path = AppDelegate.swift; sourceTree = "<group>"; };
		099CFD2A1E5B6B3A00597519 /* ViewController.swift */ = {isa = PBXFileReference; lastKnownFileType = sourcecode.swift; path = ViewController.swift; sourceTree = "<group>"; };
		099CFD2D1E5B6B3A00597519 /* Base */ = {isa = PBXFileReference; lastKnownFileType = file.storyboard; name = Base; path = Base.lproj/Main.storyboard; sourceTree = "<group>"; };
		099CFD2F1E5B6B3A00597519 /* Assets.xcassets */ = {isa = PBXFileReference; lastKnownFileType = folder.assetcatalog; path = Assets.xcassets; sourceTree = "<group>"; };
		099CFD321E5B6B3A00597519 /* Base */ = {isa = PBXFileReference; lastKnownFileType = file.storyboard; name = Base; path = Base.lproj/LaunchScreen.storyboard; sourceTree = "<group>"; };
		099CFD341E5B6B3A00597519 /* Info.plist */ = {isa = PBXFileReference; lastKnownFileType = text.plist.xml; path = Info.plist; sourceTree = "<group>"; };
		099CFD3B1E5B6F3C00597519 /* MapKit.framework */ = {isa = PBXFileReference; lastKnownFileType = wrapper.framework; name = MapKit.framework; path = System/Library/Frameworks/MapKit.framework; sourceTree = SDKROOT; };
		099CFD3D1E5B771900597519 /* JPPMiGPSViewController.swift */ = {isa = PBXFileReference; fileEncoding = 4; lastKnownFileType = sourcecode.swift; path = JPPMiGPSViewController.swift; sourceTree = "<group>"; };
		099CFD411E5B7FCF00597519 /* JPLugarFavoritoViewController.swift */ = {isa = PBXFileReference; fileEncoding = 4; lastKnownFileType = sourcecode.swift; path = JPLugarFavoritoViewController.swift; sourceTree = "<group>"; };
		099CFD441E5B801D00597519 /* JPPMAListaLugaresTableViewController.swift */ = {isa = PBXFileReference; fileEncoding = 4; lastKnownFileType = sourcecode.swift; path = JPPMAListaLugaresTableViewController.swift; sourceTree = "<group>"; };
/* End PBXFileReference section */

/* Begin PBXFrameworksBuildPhase section */
		099CFD221E5B6B3A00597519 /* Frameworks */ = {
			isa = PBXFrameworksBuildPhase;
			buildActionMask = 2147483647;
			files = (
				099CFD3C1E5B6F3C00597519 /* MapKit.framework in Frameworks */,
			);
			runOnlyForDeploymentPostprocessing = 0;
		};
/* End PBXFrameworksBuildPhase section */

/* Begin PBXGroup section */
		099CFD1C1E5B6B3A00597519 = {
			isa = PBXGroup;
			children = (
				099CFD271E5B6B3A00597519 /* JPPMapa2Reto */,
				099CFD261E5B6B3A00597519 /* Products */,
				099CFD3A1E5B6F3C00597519 /* Frameworks */,
			);
			sourceTree = "<group>";
		};
		099CFD261E5B6B3A00597519 /* Products */ = {
			isa = PBXGroup;
			children = (
				099CFD251E5B6B3A00597519 /* JPPMapa2Reto.app */,
			);
			name = Products;
			sourceTree = "<group>";
		};
		099CFD271E5B6B3A00597519 /* JPPMapa2Reto */ = {
			isa = PBXGroup;
			children = (
				099CFD281E5B6B3A00597519 /* AppDelegate.swift */,
				09720E8F1E5E15F100A6FA70 /* APITaskManager.swift */,
				099CFD431E5B7FE200597519 /* VIEWS */,
				099CFD2C1E5B6B3A00597519 /* Main.storyboard */,
				099CFD2F1E5B6B3A00597519 /* Assets.xcassets */,
				099CFD311E5B6B3A00597519 /* LaunchScreen.storyboard */,
				099CFD341E5B6B3A00597519 /* Info.plist */,
			);
			path = JPPMapa2Reto;
			sourceTree = "<group>";
		};
		099CFD3A1E5B6F3C00597519 /* Frameworks */ = {
			isa = PBXGroup;
			children = (
				099CFD3B1E5B6F3C00597519 /* MapKit.framework */,
			);
			name = Frameworks;
			sourceTree = "<group>";
		};
		099CFD431E5B7FE200597519 /* VIEWS */ = {
			isa = PBXGroup;
			children = (
				099CFD411E5B7FCF00597519 /* JPLugarFavoritoViewController.swift */,
				099CFD441E5B801D00597519 /* JPPMAListaLugaresTableViewController.swift */,
				099CFD3D1E5B771900597519 /* JPPMiGPSViewController.swift */,
				099CFD2A1E5B6B3A00597519 /* ViewController.swift */,
			);
			name = VIEWS;
			sourceTree = "<group>";
		};
/* End PBXGroup section */

/* Begin PBXNativeTarget section */
		099CFD241E5B6B3A00597519 /* JPPMapa2Reto */ = {
			isa = PBXNativeTarget;
			buildConfigurationList = 099CFD371E5B6B3A00597519 /* Build configuration list for PBXNativeTarget "JPPMapa2Reto" */;
			buildPhases = (
				099CFD211E5B6B3A00597519 /* Sources */,
				099CFD221E5B6B3A00597519 /* Frameworks */,
				099CFD231E5B6B3A00597519 /* Resources */,
			);
			buildRules = (
			);
			dependencies = (
			);
			name = JPPMapa2Reto;
			productName = JPPMapa2Reto;
			productReference = 099CFD251E5B6B3A00597519 /* JPPMapa2Reto.app */;
			productType = "com.apple.product-type.application";
		};
/* End PBXNativeTarget section */

/* Begin PBXProject section */
		099CFD1D1E5B6B3A00597519 /* Project object */ = {
			isa = PBXProject;
			attributes = {
				LastSwiftUpdateCheck = 0820;
				LastUpgradeCheck = 0820;
				ORGANIZATIONNAME = empresa;
				TargetAttributes = {
					099CFD241E5B6B3A00597519 = {
						CreatedOnToolsVersion = 8.2.1;
						ProvisioningStyle = Automatic;
					};
				};
			};
			buildConfigurationList = 099CFD201E5B6B3A00597519 /* Build configuration list for PBXProject "JPPMapa2Reto" */;
			compatibilityVersion = "Xcode 3.2";
			developmentRegion = English;
			hasScannedForEncodings = 0;
			knownRegions = (
				en,
				Base,
			);
			mainGroup = 099CFD1C1E5B6B3A00597519;
			productRefGroup = 099CFD261E5B6B3A00597519 /* Products */;
			projectDirPath = "";
			projectRoot = "";
			targets = (
				099CFD241E5B6B3A00597519 /* JPPMapa2Reto */,
			);
		};
/* End PBXProject section */

/* Begin PBXResourcesBuildPhase section */
		099CFD231E5B6B3A00597519 /* Resources */ = {
			isa = PBXResourcesBuildPhase;
			buildActionMask = 2147483647;
			files = (
				099CFD331E5B6B3A00597519 /* LaunchScreen.storyboard in Resources */,
				099CFD301E5B6B3A00597519 /* Assets.xcassets in Resources */,
				099CFD2E1E5B6B3A00597519 /* Main.storyboard in Resources */,
			);
			runOnlyForDeploymentPostprocessing = 0;
		};
/* End PBXResourcesBuildPhase section */

/* Begin PBXSourcesBuildPhase section */
		099CFD211E5B6B3A00597519 /* Sources */ = {
			isa = PBXSourcesBuildPhase;
			buildActionMask = 2147483647;
			files = (
				099CFD2B1E5B6B3A00597519 /* ViewController.swift in Sources */,
				09720E901E5E15F100A6FA70 /* APITaskManager.swift in Sources */,
				099CFD291E5B6B3A00597519 /* AppDelegate.swift in Sources */,
				099CFD451E5B801D00597519 /* JPPMAListaLugaresTableViewController.swift in Sources */,
				099CFD3E1E5B771900597519 /* JPPMiGPSViewController.swift in Sources */,
				099CFD421E5B7FCF00597519 /* JPLugarFavoritoViewController.swift in Sources */,
			);
			runOnlyForDeploymentPostprocessing = 0;
		};
/* End PBXSourcesBuildPhase section */

/* Begin PBXVariantGroup section */
		099CFD2C1E5B6B3A00597519 /* Main.storyboard */ = {
			isa = PBXVariantGroup;
			children = (
				099CFD2D1E5B6B3A00597519 /* Base */,
			);
			name = Main.storyboard;
			sourceTree = "<group>";
		};
		099CFD311E5B6B3A00597519 /* LaunchScreen.storyboard */ = {
			isa = PBXVariantGroup;
			children = (
				099CFD321E5B6B3A00597519 /* Base */,
			);
			name = LaunchScreen.storyboard;
			sourceTree = "<group>";
		};
/* End PBXVariantGroup section */

/* Begin XCBuildConfiguration section */
		099CFD351E5B6B3A00597519 /* Debug */ = {
			isa = XCBuildConfiguration;
			buildSettings = {
				ALWAYS_SEARCH_USER_PATHS = NO;
				CLANG_ANALYZER_NONNULL = YES;
				CLANG_CXX_LANGUAGE_STANDARD = "gnu++0x";
				CLANG_CXX_LIBRARY = "libc++";
				CLANG_ENABLE_MODULES = YES;
				CLANG_ENABLE_OBJC_ARC = YES;
				CLANG_WARN_BOOL_CONVERSION = YES;
				CLANG_WARN_CONSTANT_CONVERSION = YES;
				CLANG_WARN_DIRECT_OBJC_ISA_USAGE = YES_ERROR;
				CLANG_WARN_DOCUMENTATION_COMMENTS = YES;
				CLANG_WARN_EMPTY_BODY = YES;
				CLANG_WARN_ENUM_CONVERSION = YES;
				CLANG_WARN_INFINITE_RECURSION = YES;
				CLANG_WARN_INT_CONVERSION = YES;
				CLANG_WARN_OBJC_ROOT_CLASS = YES_ERROR;
				CLANG_WARN_SUSPICIOUS_MOVE = YES;
				CLANG_WARN_UNREACHABLE_CODE = YES;
				CLANG_WARN__DUPLICATE_METHOD_MATCH = YES;
				"CODE_SIGN_IDENTITY[sdk=iphoneos*]" = "iPhone Developer";
				COPY_PHASE_STRIP = NO;
				DEBUG_INFORMATION_FORMAT = dwarf;
				ENABLE_STRICT_OBJC_MSGSEND = YES;
				ENABLE_TESTABILITY = YES;
				GCC_C_LANGUAGE_STANDARD = gnu99;
				GCC_DYNAMIC_NO_PIC = NO;
				GCC_NO_COMMON_BLOCKS = YES;
				GCC_OPTIMIZATION_LEVEL = 0;
				GCC_PREPROCESSOR_DEFINITIONS = (
					"DEBUG=1",
					"$(inherited)",
				);
				GCC_WARN_64_TO_32_BIT_CONVERSION = YES;
				GCC_WARN_ABOUT_RETURN_TYPE = YES_ERROR;
				GCC_WARN_UNDECLARED_SELECTOR = YES;
				GCC_WARN_UNINITIALIZED_AUTOS = YES_AGGRESSIVE;
				GCC_WARN_UNUSED_FUNCTION = YES;
				GCC_WARN_UNUSED_VARIABLE = YES;
				IPHONEOS_DEPLOYMENT_TARGET = 10.2;
				MTL_ENABLE_DEBUG_INFO = YES;
				ONLY_ACTIVE_ARCH = YES;
				SDKROOT = iphoneos;
				SWIFT_ACTIVE_COMPILATION_CONDITIONS = DEBUG;
				SWIFT_OPTIMIZATION_LEVEL = "-Onone";
			};
			name = Debug;
		};
		099CFD361E5B6B3A00597519 /* Release */ = {
			isa = XCBuildConfiguration;
			buildSettings = {
				ALWAYS_SEARCH_USER_PATHS = NO;
				CLANG_ANALYZER_NONNULL = YES;
				CLANG_CXX_LANGUAGE_STANDARD = "gnu++0x";
				CLANG_CXX_LIBRARY = "libc++";
				CLANG_ENABLE_MODULES = YES;
				CLANG_ENABLE_OBJC_ARC = YES;
				CLANG_WARN_BOOL_CONVERSION = YES;
				CLANG_WARN_CONSTANT_CONVERSION = YES;
				CLANG_WARN_DIRECT_OBJC_ISA_USAGE = YES_ERROR;
				CLANG_WARN_DOCUMENTATION_COMMENTS = YES;
				CLANG_WARN_EMPTY_BODY = YES;
				CLANG_WARN_ENUM_CONVERSION = YES;
				CLANG_WARN_INFINITE_RECURSION = YES;
				CLANG_WARN_INT_CONVERSION = YES;
				CLANG_WARN_OBJC_ROOT_CLASS = YES_ERROR;
				CLANG_WARN_SUSPICIOUS_MOVE = YES;
				CLANG_WARN_UNREACHABLE_CODE = YES;
				CLANG_WARN__DUPLICATE_METHOD_MATCH = YES;
				"CODE_SIGN_IDENTITY[sdk=iphoneos*]" = "iPhone Developer";
				COPY_PHASE_STRIP = NO;
				DEBUG_INFORMATION_FORMAT = "dwarf-with-dsym";
				ENABLE_NS_ASSERTIONS = NO;
				ENABLE_STRICT_OBJC_MSGSEND = YES;
				GCC_C_LANGUAGE_STANDARD = gnu99;
				GCC_NO_COMMON_BLOCKS = YES;
				GCC_WARN_64_TO_32_BIT_CONVERSION = YES;
				GCC_WARN_ABOUT_RETURN_TYPE = YES_ERROR;
				GCC_WARN_UNDECLARED_SELECTOR = YES;
				GCC_WARN_UNINITIALIZED_AUTOS = YES_AGGRESSIVE;
				GCC_WARN_UNUSED_FUNCTION = YES;
				GCC_WARN_UNUSED_VARIABLE = YES;
				IPHONEOS_DEPLOYMENT_TARGET = 10.2;
				MTL_ENABLE_DEBUG_INFO = NO;
				SDKROOT = iphoneos;
				SWIFT_OPTIMIZATION_LEVEL = "-Owholemodule";
				VALIDATE_PRODUCT = YES;
			};
			name = Release;
		};
		099CFD381E5B6B3A00597519 /* Debug */ = {
			isa = XCBuildConfiguration;
			buildSettings = {
				ASSETCATALOG_COMPILER_APPICON_NAME = AppIcon;
				INFOPLIST_FILE = JPPMapa2Reto/Info.plist;
				LD_RUNPATH_SEARCH_PATHS = "$(inherited) @executable_path/Frameworks";
				PRODUCT_BUNDLE_IDENTIFIER = com.empresa.JPPMapa2Reto;
				PRODUCT_NAME = "$(TARGET_NAME)";
				SWIFT_VERSION = 3.0;
			};
			name = Debug;
		};
		099CFD391E5B6B3A00597519 /* Release */ = {
			isa = XCBuildConfiguration;
			buildSettings = {
				ASSETCATALOG_COMPILER_APPICON_NAME = AppIcon;
				INFOPLIST_FILE = JPPMapa2Reto/Info.plist;
				LD_RUNPATH_SEARCH_PATHS = "$(inherited) @executable_path/Frameworks";
				PRODUCT_BUNDLE_IDENTIFIER = com.empresa.JPPMapa2Reto;
				PRODUCT_NAME = "$(TARGET_NAME)";
				SWIFT_VERSION = 3.0;
			};
			name = Release;
		};
/* End XCBuildConfiguration section */

/* Begin XCConfigurationList section */
		099CFD201E5B6B3A00597519 /* Build configuration list for PBXProject "JPPMapa2Reto" */ = {
			isa = XCConfigurationList;
			buildConfigurations = (
				099CFD351E5B6B3A00597519 /* Debug */,
				099CFD361E5B6B3A00597519 /* Release */,
			);
			defaultConfigurationIsVisible = 0;
			defaultConfigurationName = Release;
		};
		099CFD371E5B6B3A00597519 /* Build configuration list for PBXNativeTarget "JPPMapa2Reto" */ = {
			isa = XCConfigurationList;
			buildConfigurations = (
				099CFD381E5B6B3A00597519 /* Debug */,
				099CFD391E5B6B3A00597519 /* Release */,
			);
			defaultConfigurationIsVisible = 0;
			defaultConfigurationName = Release;
		};
/* End XCConfigurationList section */
	};
	rootObject = 099CFD1D1E5B6B3A00597519 /* Project object */;
}
